
Microsoft Visual Studio Solution File, Format Version 12.00
# Visual Studio Version 17
VisualStudioVersion = 17.5.002.0
MinimumVisualStudioVersion = 10.0.40219.1
Project("{2150E333-8FDC-42A3-9474-1A3956D46DE8}") = "prepare", "prepare", "{2A12352B-75C6-4731-9536-89E4935803F9}"
EndProject
Project("{9A19103F-16F7-4668-BE54-9A1E7A4F7556}") = "Learning02", "prepare\Learning02\Learning02.csproj", "{746E0C50-D789-4042-A069-0704E1EE2C53}"
EndProject
Project("{9A19103F-16F7-4668-BE54-9A1E7A4F7556}") = "Learning05", "prepare\Learning05\Learning05.csproj", "{9CAC18C7-1A80-436C-9BF3-1C19E9CCA8EA}"
EndProject
Project("{9A19103F-16F7-4668-BE54-9A1E7A4F7556}") = "Learning04", "prepare\Learning04\Learning04.csproj", "{D51036CE-2644-42CE-B7E5-F41121593E14}"
EndProject
Project("{9A19103F-16F7-4668-BE54-9A1E7A4F7556}") = "Learning03", "prepare\Learning03\Learning03.csproj", "{42F68107-EBC6-43B1-ACFA-B89A605844AB}"
EndProject
Project("{2150E333-8FDC-42A3-9474-1A3956D46DE8}") = "prove", "prove", "{8D1EF6DD-314B-4733-9E50-3F3D221C4C35}"
EndProject
Project("{9A19103F-16F7-4668-BE54-9A1E7A4F7556}") = "Develop03", "prove\Develop03\Develop03.csproj", "{6AF42F9F-6872-4A2D-858F-0A18B598E4FE}"
EndProject
Project("{9A19103F-16F7-4668-BE54-9A1E7A4F7556}") = "Develop04", "prove\Develop04\Develop04.csproj", "{72521C44-1735-4A76-83A7-3C1C76F561FA}"
EndProject
Project("{9A19103F-16F7-4668-BE54-9A1E7A4F7556}") = "Develop05", "prove\Develop05\Develop05.csproj", "{505E9786-1513-4ADF-A8BF-B013F4E056E8}"
EndProject
Project("{9A19103F-16F7-4668-BE54-9A1E7A4F7556}") = "Develop02", "prove\Develop02\Develop02.csproj", "{2DF401B3-27C7-4127-ADDA-D3CADA7C13D8}"
EndProject
Project("{2150E333-8FDC-42A3-9474-1A3956D46DE8}") = "sandbox", "sandbox", "{FB4B3B30-8A4C-43EA-B309-BA9077FD5F4E}"
EndProject
Project("{9A19103F-16F7-4668-BE54-9A1E7A4F7556}") = "Sandbox", "sandbox\Sandbox\Sandbox.csproj", "{94EE6595-81EF-4949-A90F-C866C140A05E}"
EndProject
Project("{2150E333-8FDC-42A3-9474-1A3956D46DE8}") = "final", "final", "{FB8C88B9-5302-47EE-8FAC-2329FD6ACB11}"
EndProject
Project("{9A19103F-16F7-4668-BE54-9A1E7A4F7556}") = "FinalProject", "final\FinalProject\FinalProject.csproj", "{49643BDC-0E0D-4782-BE8B-594953885144}"
EndProject
Project("{9A19103F-16F7-4668-BE54-9A1E7A4F7556}") = "Foundation1", "final\Foundation1\Foundation1.csproj", "{26113861-185A-4FF2-8440-C7ED7316B9B6}"
EndProject
Project("{9A19103F-16F7-4668-BE54-9A1E7A4F7556}") = "Foundation4", "final\Foundation4\Foundation4.csproj", "{0A30DD8D-05C2-4884-A4F0-243F0EA0AFB0}"
EndProject
Project("{9A19103F-16F7-4668-BE54-9A1E7A4F7556}") = "Foundation3", "final\Foundation3\Foundation3.csproj", "{DB6ABEEC-7A56-47DA-9BB1-0C86E41F0E77}"
EndProject
Project("{9A19103F-16F7-4668-BE54-9A1E7A4F7556}") = "Foundation2", "final\Foundation2\Foundation2.csproj", "{7CB0CB24-44F6-4873-A6DD-1B11B5FE1C83}"
EndProject
Project("{2150E333-8FDC-42A3-9474-1A3956D46DE8}") = "csharp-prep", "csharp-prep", "{5F8CE161-537D-4C96-B468-A94AACD4E845}"
EndProject
Project("{9A19103F-16F7-4668-BE54-9A1E7A4F7556}") = "Prep1", "csharp-prep\Prep1\Prep1.csproj", "{A967CED0-C86D-4F06-8E12-B93438144498}"
EndProject
Project("{9A19103F-16F7-4668-BE54-9A1E7A4F7556}") = "Prep5", "csharp-prep\Prep5\Prep5.csproj", "{C7EF9AC1-0906-4889-8E89-5954D7BD35BB}"
EndProject
Project("{9A19103F-16F7-4668-BE54-9A1E7A4F7556}") = "Prep2", "csharp-prep\Prep2\Prep2.csproj", "{34A705C6-4AE2-4F15-82F4-34BE0DCC359E}"
EndProject
Project("{9A19103F-16F7-4668-BE54-9A1E7A4F7556}") = "Prep3", "csharp-prep\Prep3\Prep3.csproj", "{0DF146F0-32FB-462C-BF55-93A21DCD84CF}"
EndProject
Project("{9A19103F-16F7-4668-BE54-9A1E7A4F7556}") = "Prep4", "csharp-prep\Prep4\Prep4.csproj", "{913A8A3A-E23B-4164-B294-9260356AE1CA}"
EndProject
Global
	GlobalSection(SolutionConfigurationPlatforms) = preSolution
		Debug|Any CPU = Debug|Any CPU
		Release|Any CPU = Release|Any CPU
	EndGlobalSection
	GlobalSection(ProjectConfigurationPlatforms) = postSolution
		{746E0C50-D789-4042-A069-0704E1EE2C53}.Debug|Any CPU.ActiveCfg = Debug|Any CPU
		{746E0C50-D789-4042-A069-0704E1EE2C53}.Debug|Any CPU.Build.0 = Debug|Any CPU
		{746E0C50-D789-4042-A069-0704E1EE2C53}.Release|Any CPU.ActiveCfg = Release|Any CPU
		{746E0C50-D789-4042-A069-0704E1EE2C53}.Release|Any CPU.Build.0 = Release|Any CPU
		{9CAC18C7-1A80-436C-9BF3-1C19E9CCA8EA}.Debug|Any CPU.ActiveCfg = Debug|Any CPU
		{9CAC18C7-1A80-436C-9BF3-1C19E9CCA8EA}.Debug|Any CPU.Build.0 = Debug|Any CPU
		{9CAC18C7-1A80-436C-9BF3-1C19E9CCA8EA}.Release|Any CPU.ActiveCfg = Release|Any CPU
		{9CAC18C7-1A80-436C-9BF3-1C19E9CCA8EA}.Release|Any CPU.Build.0 = Release|Any CPU
		{D51036CE-2644-42CE-B7E5-F41121593E14}.Debug|Any CPU.ActiveCfg = Debug|Any CPU
		{D51036CE-2644-42CE-B7E5-F41121593E14}.Debug|Any CPU.Build.0 = Debug|Any CPU
		{D51036CE-2644-42CE-B7E5-F41121593E14}.Release|Any CPU.ActiveCfg = Release|Any CPU
		{D51036CE-2644-42CE-B7E5-F41121593E14}.Release|Any CPU.Build.0 = Release|Any CPU
		{42F68107-EBC6-43B1-ACFA-B89A605844AB}.Debug|Any CPU.ActiveCfg = Debug|Any CPU
		{42F68107-EBC6-43B1-ACFA-B89A605844AB}.Debug|Any CPU.Build.0 = Debug|Any CPU
		{42F68107-EBC6-43B1-ACFA-B89A605844AB}.Release|Any CPU.ActiveCfg = Release|Any CPU
		{42F68107-EBC6-43B1-ACFA-B89A605844AB}.Release|Any CPU.Build.0 = Release|Any CPU
		{6AF42F9F-6872-4A2D-858F-0A18B598E4FE}.Debug|Any CPU.ActiveCfg = Debug|Any CPU
		{6AF42F9F-6872-4A2D-858F-0A18B598E4FE}.Debug|Any CPU.Build.0 = Debug|Any CPU
		{6AF42F9F-6872-4A2D-858F-0A18B598E4FE}.Release|Any CPU.ActiveCfg = Release|Any CPU
		{6AF42F9F-6872-4A2D-858F-0A18B598E4FE}.Release|Any CPU.Build.0 = Release|Any CPU
		{72521C44-1735-4A76-83A7-3C1C76F561FA}.Debug|Any CPU.ActiveCfg = Debug|Any CPU
		{72521C44-1735-4A76-83A7-3C1C76F561FA}.Debug|Any CPU.Build.0 = Debug|Any CPU
		{72521C44-1735-4A76-83A7-3C1C76F561FA}.Release|Any CPU.ActiveCfg = Release|Any CPU
		{72521C44-1735-4A76-83A7-3C1C76F561FA}.Release|Any CPU.Build.0 = Release|Any CPU
		{505E9786-1513-4ADF-A8BF-B013F4E056E8}.Debug|Any CPU.ActiveCfg = Debug|Any CPU
		{505E9786-1513-4ADF-A8BF-B013F4E056E8}.Debug|Any CPU.Build.0 = Debug|Any CPU
		{505E9786-1513-4ADF-A8BF-B013F4E056E8}.Release|Any CPU.ActiveCfg = Release|Any CPU
		{505E9786-1513-4ADF-A8BF-B013F4E056E8}.Release|Any CPU.Build.0 = Release|Any CPU
		{2DF401B3-27C7-4127-ADDA-D3CADA7C13D8}.Debug|Any CPU.ActiveCfg = Debug|Any CPU
		{2DF401B3-27C7-4127-ADDA-D3CADA7C13D8}.Debug|Any CPU.Build.0 = Debug|Any CPU
		{2DF401B3-27C7-4127-ADDA-D3CADA7C13D8}.Release|Any CPU.ActiveCfg = Release|Any CPU
		{2DF401B3-27C7-4127-ADDA-D3CADA7C13D8}.Release|Any CPU.Build.0 = Release|Any CPU
		{94EE6595-81EF-4949-A90F-C866C140A05E}.Debug|Any CPU.ActiveCfg = Debug|Any CPU
		{94EE6595-81EF-4949-A90F-C866C140A05E}.Debug|Any CPU.Build.0 = Debug|Any CPU
		{94EE6595-81EF-4949-A90F-C866C140A05E}.Release|Any CPU.ActiveCfg = Release|Any CPU
		{94EE6595-81EF-4949-A90F-C866C140A05E}.Release|Any CPU.Build.0 = Release|Any CPU
		{49643BDC-0E0D-4782-BE8B-594953885144}.Debug|Any CPU.ActiveCfg = Debug|Any CPU
		{49643BDC-0E0D-4782-BE8B-594953885144}.Debug|Any CPU.Build.0 = Debug|Any CPU
		{49643BDC-0E0D-4782-BE8B-594953885144}.Release|Any CPU.ActiveCfg = Release|Any CPU
		{49643BDC-0E0D-4782-BE8B-594953885144}.Release|Any CPU.Build.0 = Release|Any CPU
		{26113861-185A-4FF2-8440-C7ED7316B9B6}.Debug|Any CPU.ActiveCfg = Debug|Any CPU
		{26113861-185A-4FF2-8440-C7ED7316B9B6}.Debug|Any CPU.Build.0 = Debug|Any CPU
		{26113861-185A-4FF2-8440-C7ED7316B9B6}.Release|Any CPU.ActiveCfg = Release|Any CPU
		{26113861-185A-4FF2-8440-C7ED7316B9B6}.Release|Any CPU.Build.0 = Release|Any CPU
		{0A30DD8D-05C2-4884-A4F0-243F0EA0AFB0}.Debug|Any CPU.ActiveCfg = Debug|Any CPU
		{0A30DD8D-05C2-4884-A4F0-243F0EA0AFB0}.Debug|Any CPU.Build.0 = Debug|Any CPU
		{0A30DD8D-05C2-4884-A4F0-243F0EA0AFB0}.Release|Any CPU.ActiveCfg = Release|Any CPU
		{0A30DD8D-05C2-4884-A4F0-243F0EA0AFB0}.Release|Any CPU.Build.0 = Release|Any CPU
		{DB6ABEEC-7A56-47DA-9BB1-0C86E41F0E77}.Debug|Any CPU.ActiveCfg = Debug|Any CPU
		{DB6ABEEC-7A56-47DA-9BB1-0C86E41F0E77}.Debug|Any CPU.Build.0 = Debug|Any CPU
		{DB6ABEEC-7A56-47DA-9BB1-0C86E41F0E77}.Release|Any CPU.ActiveCfg = Release|Any CPU
		{DB6ABEEC-7A56-47DA-9BB1-0C86E41F0E77}.Release|Any CPU.Build.0 = Release|Any CPU
		{7CB0CB24-44F6-4873-A6DD-1B11B5FE1C83}.Debug|Any CPU.ActiveCfg = Debug|Any CPU
		{7CB0CB24-44F6-4873-A6DD-1B11B5FE1C83}.Debug|Any CPU.Build.0 = Debug|Any CPU
		{7CB0CB24-44F6-4873-A6DD-1B11B5FE1C83}.Release|Any CPU.ActiveCfg = Release|Any CPU
		{7CB0CB24-44F6-4873-A6DD-1B11B5FE1C83}.Release|Any CPU.Build.0 = Release|Any CPU
		{A967CED0-C86D-4F06-8E12-B93438144498}.Debug|Any CPU.ActiveCfg = Debug|Any CPU
		{A967CED0-C86D-4F06-8E12-B93438144498}.Debug|Any CPU.Build.0 = Debug|Any CPU
		{A967CED0-C86D-4F06-8E12-B93438144498}.Release|Any CPU.ActiveCfg = Release|Any CPU
		{A967CED0-C86D-4F06-8E12-B93438144498}.Release|Any CPU.Build.0 = Release|Any CPU
		{C7EF9AC1-0906-4889-8E89-5954D7BD35BB}.Debug|Any CPU.ActiveCfg = Debug|Any CPU
		{C7EF9AC1-0906-4889-8E89-5954D7BD35BB}.Debug|Any CPU.Build.0 = Debug|Any CPU
		{C7EF9AC1-0906-4889-8E89-5954D7BD35BB}.Release|Any CPU.ActiveCfg = Release|Any CPU
		{C7EF9AC1-0906-4889-8E89-5954D7BD35BB}.Release|Any CPU.Build.0 = Release|Any CPU
		{34A705C6-4AE2-4F15-82F4-34BE0DCC359E}.Debug|Any CPU.ActiveCfg = Debug|Any CPU
		{34A705C6-4AE2-4F15-82F4-34BE0DCC359E}.Debug|Any CPU.Build.0 = Debug|Any CPU
		{34A705C6-4AE2-4F15-82F4-34BE0DCC359E}.Release|Any CPU.ActiveCfg = Release|Any CPU
		{34A705C6-4AE2-4F15-82F4-34BE0DCC359E}.Release|Any CPU.Build.0 = Release|Any CPU
		{0DF146F0-32FB-462C-BF55-93A21DCD84CF}.Debug|Any CPU.ActiveCfg = Debug|Any CPU
		{0DF146F0-32FB-462C-BF55-93A21DCD84CF}.Debug|Any CPU.Build.0 = Debug|Any CPU
		{0DF146F0-32FB-462C-BF55-93A21DCD84CF}.Release|Any CPU.ActiveCfg = Release|Any CPU
		{0DF146F0-32FB-462C-BF55-93A21DCD84CF}.Release|Any CPU.Build.0 = Release|Any CPU
		{913A8A3A-E23B-4164-B294-9260356AE1CA}.Debug|Any CPU.ActiveCfg = Debug|Any CPU
		{913A8A3A-E23B-4164-B294-9260356AE1CA}.Debug|Any CPU.Build.0 = Debug|Any CPU
		{913A8A3A-E23B-4164-B294-9260356AE1CA}.Release|Any CPU.ActiveCfg = Release|Any CPU
		{913A8A3A-E23B-4164-B294-9260356AE1CA}.Release|Any CPU.Build.0 = Release|Any CPU
	EndGlobalSection
	GlobalSection(SolutionProperties) = preSolution
		HideSolutionNode = FALSE
	EndGlobalSection
	GlobalSection(NestedProjects) = preSolution
		{746E0C50-D789-4042-A069-0704E1EE2C53} = {2A12352B-75C6-4731-9536-89E4935803F9}
		{9CAC18C7-1A80-436C-9BF3-1C19E9CCA8EA} = {2A12352B-75C6-4731-9536-89E4935803F9}
		{D51036CE-2644-42CE-B7E5-F41121593E14} = {2A12352B-75C6-4731-9536-89E4935803F9}
		{42F68107-EBC6-43B1-ACFA-B89A605844AB} = {2A12352B-75C6-4731-9536-89E4935803F9}
		{6AF42F9F-6872-4A2D-858F-0A18B598E4FE} = {8D1EF6DD-314B-4733-9E50-3F3D221C4C35}
		{72521C44-1735-4A76-83A7-3C1C76F561FA} = {8D1EF6DD-314B-4733-9E50-3F3D221C4C35}
		{505E9786-1513-4ADF-A8BF-B013F4E056E8} = {8D1EF6DD-314B-4733-9E50-3F3D221C4C35}
		{2DF401B3-27C7-4127-ADDA-D3CADA7C13D8} = {8D1EF6DD-314B-4733-9E50-3F3D221C4C35}
		{94EE6595-81EF-4949-A90F-C866C140A05E} = {FB4B3B30-8A4C-43EA-B309-BA9077FD5F4E}
		{49643BDC-0E0D-4782-BE8B-594953885144} = {FB8C88B9-5302-47EE-8FAC-2329FD6ACB11}
		{26113861-185A-4FF2-8440-C7ED7316B9B6} = {FB8C88B9-5302-47EE-8FAC-2329FD6ACB11}
		{0A30DD8D-05C2-4884-A4F0-243F0EA0AFB0} = {FB8C88B9-5302-47EE-8FAC-2329FD6ACB11}
		{DB6ABEEC-7A56-47DA-9BB1-0C86E41F0E77} = {FB8C88B9-5302-47EE-8FAC-2329FD6ACB11}
		{7CB0CB24-44F6-4873-A6DD-1B11B5FE1C83} = {FB8C88B9-5302-47EE-8FAC-2329FD6ACB11}
		{A967CED0-C86D-4F06-8E12-B93438144498} = {5F8CE161-537D-4C96-B468-A94AACD4E845}
		{C7EF9AC1-0906-4889-8E89-5954D7BD35BB} = {5F8CE161-537D-4C96-B468-A94AACD4E845}
		{34A705C6-4AE2-4F15-82F4-34BE0DCC359E} = {5F8CE161-537D-4C96-B468-A94AACD4E845}
		{0DF146F0-32FB-462C-BF55-93A21DCD84CF} = {5F8CE161-537D-4C96-B468-A94AACD4E845}
		{913A8A3A-E23B-4164-B294-9260356AE1CA} = {5F8CE161-537D-4C96-B468-A94AACD4E845}
	EndGlobalSection
	GlobalSection(ExtensibilityGlobals) = postSolution
		SolutionGuid = {E6B082BA-9896-40E1-81C5-C9BE360472C4}
	EndGlobalSection
EndGlobal
